
Microsoft Visual Studio Solution File, Format Version 12.00
# Visual Studio Version 17
VisualStudioVersion = 17.4.33213.308
MinimumVisualStudioVersion = 10.0.40219.1
Project("{FAE04EC0-301F-11D3-BF4B-00C04F79EFBC}") = "FileExplorer", "FileExplorer.csproj", "{35A0FD65-BD04-4F96-80D8-512BD5327A7A}"
EndProject
Global
	GlobalSection(SolutionConfigurationPlatforms) = preSolution
		Debug|Any CPU = Debug|Any CPU
		Release|Any CPU = Release|Any CPU
	EndGlobalSection
	GlobalSection(ProjectConfigurationPlatforms) = postSolution
		{35A0FD65-BD04-4F96-80D8-512BD5327A7A}.Debug|Any CPU.ActiveCfg = Debug|Any CPU
		{35A0FD65-BD04-4F96-80D8-512BD5327A7A}.Debug|Any CPU.Build.0 = Debug|Any CPU
		{35A0FD65-BD04-4F96-80D8-512BD5327A7A}.Release|Any CPU.ActiveCfg = Release|Any CPU
		{35A0FD65-BD04-4F96-80D8-512BD5327A7A}.Release|Any CPU.Build.0 = Release|Any CPU
	EndGlobalSection
	GlobalSection(SolutionProperties) = preSolution
		HideSolutionNode = FALSE
	EndGlobalSection
	GlobalSection(ExtensibilityGlobals) = postSolution
		SolutionGuid = {692CF112-DA77-494C-BC78-77B88896A621}
	EndGlobalSection
EndGlobal
